
Microsoft Visual Studio Solution File, Format Version 12.00
# TcXaeShell Solution File, Format Version 11.00
VisualStudioVersion = 17.10.35827.194
MinimumVisualStudioVersion = 10.0.40219.1
Project("{B1E792BE-AA5F-4E3C-8C82-674BF9C0715B}") = "Automatisierungstechik_LearningFactory", "Automatisierungstechik_LearningFactory\Automatisierungstechik_LearningFactory.tsproj", "{459DC2AE-2EE5-45E7-B8FA-118A089E716C}"
EndProject
Global
	GlobalSection(SolutionConfigurationPlatforms) = preSolution
		Debug|TwinCAT OS (ARMV7-A) = Debug|TwinCAT OS (ARMV7-A)
		Debug|TwinCAT OS (ARMV7-M) = Debug|TwinCAT OS (ARMV7-M)
		Debug|TwinCAT OS (ARMV8-A) = Debug|TwinCAT OS (ARMV8-A)
		Debug|TwinCAT OS (x64) = Debug|TwinCAT OS (x64)
		Debug|TwinCAT OS (x64-E) = Debug|TwinCAT OS (x64-E)
		Debug|TwinCAT RT (x64) = Debug|TwinCAT RT (x64)
		Debug|TwinCAT RT (x86) = Debug|TwinCAT RT (x86)
		Release|TwinCAT OS (ARMV7-A) = Release|TwinCAT OS (ARMV7-A)
		Release|TwinCAT OS (ARMV7-M) = Release|TwinCAT OS (ARMV7-M)
		Release|TwinCAT OS (ARMV8-A) = Release|TwinCAT OS (ARMV8-A)
		Release|TwinCAT OS (x64) = Release|TwinCAT OS (x64)
		Release|TwinCAT OS (x64-E) = Release|TwinCAT OS (x64-E)
		Release|TwinCAT RT (x64) = Release|TwinCAT RT (x64)
		Release|TwinCAT RT (x86) = Release|TwinCAT RT (x86)
	EndGlobalSection
	GlobalSection(ProjectConfigurationPlatforms) = postSolution
		{459DC2AE-2EE5-45E7-B8FA-118A089E716C}.Debug|TwinCAT OS (ARMV7-A).ActiveCfg = Debug|TwinCAT OS (ARMV7-A)
		{459DC2AE-2EE5-45E7-B8FA-118A089E716C}.Debug|TwinCAT OS (ARMV7-A).Build.0 = Debug|TwinCAT OS (ARMV7-A)
		{459DC2AE-2EE5-45E7-B8FA-118A089E716C}.Debug|TwinCAT OS (ARMV7-M).ActiveCfg = Debug|TwinCAT OS (ARMV7-M)
		{459DC2AE-2EE5-45E7-B8FA-118A089E716C}.Debug|TwinCAT OS (ARMV7-M).Build.0 = Debug|TwinCAT OS (ARMV7-M)
		{459DC2AE-2EE5-45E7-B8FA-118A089E716C}.Debug|TwinCAT OS (ARMV8-A).ActiveCfg = Debug|TwinCAT OS (ARMV8-A)
		{459DC2AE-2EE5-45E7-B8FA-118A089E716C}.Debug|TwinCAT OS (ARMV8-A).Build.0 = Debug|TwinCAT OS (ARMV8-A)
		{459DC2AE-2EE5-45E7-B8FA-118A089E716C}.Debug|TwinCAT OS (x64).ActiveCfg = Debug|TwinCAT OS (x64)
		{459DC2AE-2EE5-45E7-B8FA-118A089E716C}.Debug|TwinCAT OS (x64).Build.0 = Debug|TwinCAT OS (x64)
		{459DC2AE-2EE5-45E7-B8FA-118A089E716C}.Debug|TwinCAT OS (x64-E).ActiveCfg = Debug|TwinCAT OS (x64-E)
		{459DC2AE-2EE5-45E7-B8FA-118A089E716C}.Debug|TwinCAT OS (x64-E).Build.0 = Debug|TwinCAT OS (x64-E)
		{459DC2AE-2EE5-45E7-B8FA-118A089E716C}.Debug|TwinCAT RT (x64).ActiveCfg = Debug|TwinCAT RT (x64)
		{459DC2AE-2EE5-45E7-B8FA-118A089E716C}.Debug|TwinCAT RT (x64).Build.0 = Debug|TwinCAT RT (x64)
		{459DC2AE-2EE5-45E7-B8FA-118A089E716C}.Debug|TwinCAT RT (x86).ActiveCfg = Debug|TwinCAT RT (x86)
		{459DC2AE-2EE5-45E7-B8FA-118A089E716C}.Debug|TwinCAT RT (x86).Build.0 = Debug|TwinCAT RT (x86)
		{459DC2AE-2EE5-45E7-B8FA-118A089E716C}.Release|TwinCAT OS (ARMV7-A).ActiveCfg = Release|TwinCAT OS (ARMV7-A)
		{459DC2AE-2EE5-45E7-B8FA-118A089E716C}.Release|TwinCAT OS (ARMV7-A).Build.0 = Release|TwinCAT OS (ARMV7-A)
		{459DC2AE-2EE5-45E7-B8FA-118A089E716C}.Release|TwinCAT OS (ARMV7-M).ActiveCfg = Release|TwinCAT OS (ARMV7-M)
		{459DC2AE-2EE5-45E7-B8FA-118A089E716C}.Release|TwinCAT OS (ARMV7-M).Build.0 = Release|TwinCAT OS (ARMV7-M)
		{459DC2AE-2EE5-45E7-B8FA-118A089E716C}.Release|TwinCAT OS (ARMV8-A).ActiveCfg = Release|TwinCAT OS (ARMV8-A)
		{459DC2AE-2EE5-45E7-B8FA-118A089E716C}.Release|TwinCAT OS (ARMV8-A).Build.0 = Release|TwinCAT OS (ARMV8-A)
		{459DC2AE-2EE5-45E7-B8FA-118A089E716C}.Release|TwinCAT OS (x64).ActiveCfg = Release|TwinCAT OS (x64)
		{459DC2AE-2EE5-45E7-B8FA-118A089E716C}.Release|TwinCAT OS (x64).Build.0 = Release|TwinCAT OS (x64)
		{459DC2AE-2EE5-45E7-B8FA-118A089E716C}.Release|TwinCAT OS (x64-E).ActiveCfg = Release|TwinCAT OS (x64-E)
		{459DC2AE-2EE5-45E7-B8FA-118A089E716C}.Release|TwinCAT OS (x64-E).Build.0 = Release|TwinCAT OS (x64-E)
		{459DC2AE-2EE5-45E7-B8FA-118A089E716C}.Release|TwinCAT RT (x64).ActiveCfg = Release|TwinCAT RT (x64)
		{459DC2AE-2EE5-45E7-B8FA-118A089E716C}.Release|TwinCAT RT (x64).Build.0 = Release|TwinCAT RT (x64)
		{459DC2AE-2EE5-45E7-B8FA-118A089E716C}.Release|TwinCAT RT (x86).ActiveCfg = Release|TwinCAT RT (x86)
		{459DC2AE-2EE5-45E7-B8FA-118A089E716C}.Release|TwinCAT RT (x86).Build.0 = Release|TwinCAT RT (x86)
		{6C983A02-C4C5-44F7-9EAE-873E1534CB04}.Debug|TwinCAT OS (ARMV7-A).ActiveCfg = Debug|TwinCAT OS (ARMV7-A)
		{6C983A02-C4C5-44F7-9EAE-873E1534CB04}.Debug|TwinCAT OS (ARMV7-A).Build.0 = Debug|TwinCAT OS (ARMV7-A)
		{6C983A02-C4C5-44F7-9EAE-873E1534CB04}.Debug|TwinCAT OS (ARMV7-M).ActiveCfg = Debug|TwinCAT OS (ARMV7-M)
		{6C983A02-C4C5-44F7-9EAE-873E1534CB04}.Debug|TwinCAT OS (ARMV7-M).Build.0 = Debug|TwinCAT OS (ARMV7-M)
		{6C983A02-C4C5-44F7-9EAE-873E1534CB04}.Debug|TwinCAT OS (ARMV8-A).ActiveCfg = Debug|TwinCAT OS (ARMV8-A)
		{6C983A02-C4C5-44F7-9EAE-873E1534CB04}.Debug|TwinCAT OS (ARMV8-A).Build.0 = Debug|TwinCAT OS (ARMV8-A)
		{6C983A02-C4C5-44F7-9EAE-873E1534CB04}.Debug|TwinCAT OS (x64).ActiveCfg = Debug|TwinCAT OS (x64)
		{6C983A02-C4C5-44F7-9EAE-873E1534CB04}.Debug|TwinCAT OS (x64).Build.0 = Debug|TwinCAT OS (x64)
		{6C983A02-C4C5-44F7-9EAE-873E1534CB04}.Debug|TwinCAT OS (x64-E).ActiveCfg = Debug|TwinCAT OS (x64-E)
		{6C983A02-C4C5-44F7-9EAE-873E1534CB04}.Debug|TwinCAT OS (x64-E).Build.0 = Debug|TwinCAT OS (x64-E)
		{6C983A02-C4C5-44F7-9EAE-873E1534CB04}.Debug|TwinCAT RT (x64).ActiveCfg = Debug|TwinCAT RT (x64)
		{6C983A02-C4C5-44F7-9EAE-873E1534CB04}.Debug|TwinCAT RT (x64).Build.0 = Debug|TwinCAT RT (x64)
		{6C983A02-C4C5-44F7-9EAE-873E1534CB04}.Debug|TwinCAT RT (x86).ActiveCfg = Debug|TwinCAT RT (x86)
		{6C983A02-C4C5-44F7-9EAE-873E1534CB04}.Debug|TwinCAT RT (x86).Build.0 = Debug|TwinCAT RT (x86)
		{6C983A02-C4C5-44F7-9EAE-873E1534CB04}.Release|TwinCAT OS (ARMV7-A).ActiveCfg = Release|TwinCAT OS (ARMV7-A)
		{6C983A02-C4C5-44F7-9EAE-873E1534CB04}.Release|TwinCAT OS (ARMV7-A).Build.0 = Release|TwinCAT OS (ARMV7-A)
		{6C983A02-C4C5-44F7-9EAE-873E1534CB04}.Release|TwinCAT OS (ARMV7-M).ActiveCfg = Release|TwinCAT OS (ARMV7-M)
		{6C983A02-C4C5-44F7-9EAE-873E1534CB04}.Release|TwinCAT OS (ARMV7-M).Build.0 = Release|TwinCAT OS (ARMV7-M)
		{6C983A02-C4C5-44F7-9EAE-873E1534CB04}.Release|TwinCAT OS (ARMV8-A).ActiveCfg = Release|TwinCAT OS (ARMV8-A)
		{6C983A02-C4C5-44F7-9EAE-873E1534CB04}.Release|TwinCAT OS (ARMV8-A).Build.0 = Release|TwinCAT OS (ARMV8-A)
		{6C983A02-C4C5-44F7-9EAE-873E1534CB04}.Release|TwinCAT OS (x64).ActiveCfg = Release|TwinCAT OS (x64)
		{6C983A02-C4C5-44F7-9EAE-873E1534CB04}.Release|TwinCAT OS (x64).Build.0 = Release|TwinCAT OS (x64)
		{6C983A02-C4C5-44F7-9EAE-873E1534CB04}.Release|TwinCAT OS (x64-E).ActiveCfg = Release|TwinCAT OS (x64-E)
		{6C983A02-C4C5-44F7-9EAE-873E1534CB04}.Release|TwinCAT OS (x64-E).Build.0 = Release|TwinCAT OS (x64-E)
		{6C983A02-C4C5-44F7-9EAE-873E1534CB04}.Release|TwinCAT RT (x64).ActiveCfg = Release|TwinCAT RT (x64)
		{6C983A02-C4C5-44F7-9EAE-873E1534CB04}.Release|TwinCAT RT (x64).Build.0 = Release|TwinCAT RT (x64)
		{6C983A02-C4C5-44F7-9EAE-873E1534CB04}.Release|TwinCAT RT (x86).ActiveCfg = Release|TwinCAT RT (x86)
		{6C983A02-C4C5-44F7-9EAE-873E1534CB04}.Release|TwinCAT RT (x86).Build.0 = Release|TwinCAT RT (x86)
		{4EFB2AFB-2EB8-4DAB-994F-E7682549AF3E}.Debug|TwinCAT OS (ARMV7-A).ActiveCfg = Debug|TwinCAT OS (ARMV7-A)
		{4EFB2AFB-2EB8-4DAB-994F-E7682549AF3E}.Debug|TwinCAT OS (ARMV7-A).Build.0 = Debug|TwinCAT OS (ARMV7-A)
		{4EFB2AFB-2EB8-4DAB-994F-E7682549AF3E}.Debug|TwinCAT OS (ARMV7-M).ActiveCfg = Debug|TwinCAT OS (ARMV7-M)
		{4EFB2AFB-2EB8-4DAB-994F-E7682549AF3E}.Debug|TwinCAT OS (ARMV7-M).Build.0 = Debug|TwinCAT OS (ARMV7-M)
		{4EFB2AFB-2EB8-4DAB-994F-E7682549AF3E}.Debug|TwinCAT OS (ARMV8-A).ActiveCfg = Debug|TwinCAT OS (ARMV8-A)
		{4EFB2AFB-2EB8-4DAB-994F-E7682549AF3E}.Debug|TwinCAT OS (ARMV8-A).Build.0 = Debug|TwinCAT OS (ARMV8-A)
		{4EFB2AFB-2EB8-4DAB-994F-E7682549AF3E}.Debug|TwinCAT OS (x64).ActiveCfg = Debug|TwinCAT OS (x64)
		{4EFB2AFB-2EB8-4DAB-994F-E7682549AF3E}.Debug|TwinCAT OS (x64).Build.0 = Debug|TwinCAT OS (x64)
		{4EFB2AFB-2EB8-4DAB-994F-E7682549AF3E}.Debug|TwinCAT OS (x64-E).ActiveCfg = Debug|TwinCAT OS (x64-E)
		{4EFB2AFB-2EB8-4DAB-994F-E7682549AF3E}.Debug|TwinCAT OS (x64-E).Build.0 = Debug|TwinCAT OS (x64-E)
		{4EFB2AFB-2EB8-4DAB-994F-E7682549AF3E}.Debug|TwinCAT RT (x64).ActiveCfg = Debug|TwinCAT RT (x64)
		{4EFB2AFB-2EB8-4DAB-994F-E7682549AF3E}.Debug|TwinCAT RT (x64).Build.0 = Debug|TwinCAT RT (x64)
		{4EFB2AFB-2EB8-4DAB-994F-E7682549AF3E}.Debug|TwinCAT RT (x86).ActiveCfg = Debug|TwinCAT RT (x86)
		{4EFB2AFB-2EB8-4DAB-994F-E7682549AF3E}.Debug|TwinCAT RT (x86).Build.0 = Debug|TwinCAT RT (x86)
		{4EFB2AFB-2EB8-4DAB-994F-E7682549AF3E}.Release|TwinCAT OS (ARMV7-A).ActiveCfg = Release|TwinCAT OS (ARMV7-A)
		{4EFB2AFB-2EB8-4DAB-994F-E7682549AF3E}.Release|TwinCAT OS (ARMV7-A).Build.0 = Release|TwinCAT OS (ARMV7-A)
		{4EFB2AFB-2EB8-4DAB-994F-E7682549AF3E}.Release|TwinCAT OS (ARMV7-M).ActiveCfg = Release|TwinCAT OS (ARMV7-M)
		{4EFB2AFB-2EB8-4DAB-994F-E7682549AF3E}.Release|TwinCAT OS (ARMV7-M).Build.0 = Release|TwinCAT OS (ARMV7-M)
		{4EFB2AFB-2EB8-4DAB-994F-E7682549AF3E}.Release|TwinCAT OS (ARMV8-A).ActiveCfg = Release|TwinCAT OS (ARMV8-A)
		{4EFB2AFB-2EB8-4DAB-994F-E7682549AF3E}.Release|TwinCAT OS (ARMV8-A).Build.0 = Release|TwinCAT OS (ARMV8-A)
		{4EFB2AFB-2EB8-4DAB-994F-E7682549AF3E}.Release|TwinCAT OS (x64).ActiveCfg = Release|TwinCAT OS (x64)
		{4EFB2AFB-2EB8-4DAB-994F-E7682549AF3E}.Release|TwinCAT OS (x64).Build.0 = Release|TwinCAT OS (x64)
		{4EFB2AFB-2EB8-4DAB-994F-E7682549AF3E}.Release|TwinCAT OS (x64-E).ActiveCfg = Release|TwinCAT OS (x64-E)
		{4EFB2AFB-2EB8-4DAB-994F-E7682549AF3E}.Release|TwinCAT OS (x64-E).Build.0 = Release|TwinCAT OS (x64-E)
		{4EFB2AFB-2EB8-4DAB-994F-E7682549AF3E}.Release|TwinCAT RT (x64).ActiveCfg = Release|TwinCAT RT (x64)
		{4EFB2AFB-2EB8-4DAB-994F-E7682549AF3E}.Release|TwinCAT RT (x64).Build.0 = Release|TwinCAT RT (x64)
		{4EFB2AFB-2EB8-4DAB-994F-E7682549AF3E}.Release|TwinCAT RT (x86).ActiveCfg = Release|TwinCAT RT (x86)
		{4EFB2AFB-2EB8-4DAB-994F-E7682549AF3E}.Release|TwinCAT RT (x86).Build.0 = Release|TwinCAT RT (x86)
		{F592B396-C8E3-4BD7-A37E-42619541CD70}.Debug|TwinCAT OS (ARMV7-A).ActiveCfg = Debug|TwinCAT OS (ARMV7-A)
		{F592B396-C8E3-4BD7-A37E-42619541CD70}.Debug|TwinCAT OS (ARMV7-A).Build.0 = Debug|TwinCAT OS (ARMV7-A)
		{F592B396-C8E3-4BD7-A37E-42619541CD70}.Debug|TwinCAT OS (ARMV7-M).ActiveCfg = Debug|TwinCAT OS (ARMV7-M)
		{F592B396-C8E3-4BD7-A37E-42619541CD70}.Debug|TwinCAT OS (ARMV7-M).Build.0 = Debug|TwinCAT OS (ARMV7-M)
		{F592B396-C8E3-4BD7-A37E-42619541CD70}.Debug|TwinCAT OS (ARMV8-A).ActiveCfg = Debug|TwinCAT OS (ARMV8-A)
		{F592B396-C8E3-4BD7-A37E-42619541CD70}.Debug|TwinCAT OS (ARMV8-A).Build.0 = Debug|TwinCAT OS (ARMV8-A)
		{F592B396-C8E3-4BD7-A37E-42619541CD70}.Debug|TwinCAT OS (x64).ActiveCfg = Debug|TwinCAT OS (x64)
		{F592B396-C8E3-4BD7-A37E-42619541CD70}.Debug|TwinCAT OS (x64).Build.0 = Debug|TwinCAT OS (x64)
		{F592B396-C8E3-4BD7-A37E-42619541CD70}.Debug|TwinCAT OS (x64-E).ActiveCfg = Debug|TwinCAT OS (x64-E)
		{F592B396-C8E3-4BD7-A37E-42619541CD70}.Debug|TwinCAT OS (x64-E).Build.0 = Debug|TwinCAT OS (x64-E)
		{F592B396-C8E3-4BD7-A37E-42619541CD70}.Debug|TwinCAT RT (x64).ActiveCfg = Debug|TwinCAT RT (x64)
		{F592B396-C8E3-4BD7-A37E-42619541CD70}.Debug|TwinCAT RT (x64).Build.0 = Debug|TwinCAT RT (x64)
		{F592B396-C8E3-4BD7-A37E-42619541CD70}.Debug|TwinCAT RT (x86).ActiveCfg = Debug|TwinCAT RT (x86)
		{F592B396-C8E3-4BD7-A37E-42619541CD70}.Debug|TwinCAT RT (x86).Build.0 = Debug|TwinCAT RT (x86)
		{F592B396-C8E3-4BD7-A37E-42619541CD70}.Release|TwinCAT OS (ARMV7-A).ActiveCfg = Release|TwinCAT OS (ARMV7-A)
		{F592B396-C8E3-4BD7-A37E-42619541CD70}.Release|TwinCAT OS (ARMV7-A).Build.0 = Release|TwinCAT OS (ARMV7-A)
		{F592B396-C8E3-4BD7-A37E-42619541CD70}.Release|TwinCAT OS (ARMV7-M).ActiveCfg = Release|TwinCAT OS (ARMV7-M)
		{F592B396-C8E3-4BD7-A37E-42619541CD70}.Release|TwinCAT OS (ARMV7-M).Build.0 = Release|TwinCAT OS (ARMV7-M)
		{F592B396-C8E3-4BD7-A37E-42619541CD70}.Release|TwinCAT OS (ARMV8-A).ActiveCfg = Release|TwinCAT OS (ARMV8-A)
		{F592B396-C8E3-4BD7-A37E-42619541CD70}.Release|TwinCAT OS (ARMV8-A).Build.0 = Release|TwinCAT OS (ARMV8-A)
		{F592B396-C8E3-4BD7-A37E-42619541CD70}.Release|TwinCAT OS (x64).ActiveCfg = Release|TwinCAT OS (x64)
		{F592B396-C8E3-4BD7-A37E-42619541CD70}.Release|TwinCAT OS (x64).Build.0 = Release|TwinCAT OS (x64)
		{F592B396-C8E3-4BD7-A37E-42619541CD70}.Release|TwinCAT OS (x64-E).ActiveCfg = Release|TwinCAT OS (x64-E)
		{F592B396-C8E3-4BD7-A37E-42619541CD70}.Release|TwinCAT OS (x64-E).Build.0 = Release|TwinCAT OS (x64-E)
		{F592B396-C8E3-4BD7-A37E-42619541CD70}.Release|TwinCAT RT (x64).ActiveCfg = Release|TwinCAT RT (x64)
		{F592B396-C8E3-4BD7-A37E-42619541CD70}.Release|TwinCAT RT (x64).Build.0 = Release|TwinCAT RT (x64)
		{F592B396-C8E3-4BD7-A37E-42619541CD70}.Release|TwinCAT RT (x86).ActiveCfg = Release|TwinCAT RT (x86)
		{F592B396-C8E3-4BD7-A37E-42619541CD70}.Release|TwinCAT RT (x86).Build.0 = Release|TwinCAT RT (x86)
	EndGlobalSection
	GlobalSection(SolutionProperties) = preSolution
		HideSolutionNode = FALSE
	EndGlobalSection
	GlobalSection(ExtensibilityGlobals) = postSolution
		SolutionGuid = {1D226077-5EEF-4D59-A9AC-F13788685640}
	EndGlobalSection
EndGlobal
